// !$*UTF8*$!
{
	archiveVersion = 1;
	classes = {
	};
	objectVersion = 77;
	objects = {

/* Begin PBXBuildFile section */
		1E0CA2C76F624EF6E0694F27 /* VisualEffectView.swift in Sources */ = {isa = PBXBuildFile; fileRef = AE195CD8C1C3E73B78B5A985 /* VisualEffectView.swift */; };
		311EC418CDAB2F14622D5156 /* TerminalCell.swift in Sources */ = {isa = PBXBuildFile; fileRef = FC6D8E5C6F1A025CED99E8A7 /* TerminalCell.swift */; };
		3290F03FFD40B4E538BD64AE /* WindowManager.swift in Sources */ = {isa = PBXBuildFile; fileRef = 65A9A8F600329914B2661203 /* WindowManager.swift */; };
		3620896BAD9B503FD58CD622 /* PaneGrid.swift in Sources */ = {isa = PBXBuildFile; fileRef = 98E1B6997F05AA7DFE48D379 /* PaneGrid.swift */; };
		39B922E21BCD83C8A0E6800C /* ContentView.swift in Sources */ = {isa = PBXBuildFile; fileRef = AF4B0C17010AB61061A77594 /* ContentView.swift */; };
		40176A658DD695D1B1ED40D3 /* TerminalSession.swift in Sources */ = {isa = PBXBuildFile; fileRef = 911CC23C96489E77931F3618 /* TerminalSession.swift */; };
		40D909A15B07C92B28E40344 /* CommandPalette.swift in Sources */ = {isa = PBXBuildFile; fileRef = 080DC210A0A8242EFA4809FD /* CommandPalette.swift */; };
		4998F609BAA10764724378E5 /* SettingsView.swift in Sources */ = {isa = PBXBuildFile; fileRef = EB26B9BD7A94E7B913B03270 /* SettingsView.swift */; };
		59E3253330C1481B7402BCA4 /* SettingsStore.swift in Sources */ = {isa = PBXBuildFile; fileRef = 7D50D5D61D82A86D2F912CBE /* SettingsStore.swift */; };
		5A2226B03B1E53E7A32FB6BE /* AppManager.swift in Sources */ = {isa = PBXBuildFile; fileRef = C380316670FB67548B160007 /* AppManager.swift */; };
		5FB184E5A4F4191743D89871 /* TerminalView.swift in Sources */ = {isa = PBXBuildFile; fileRef = B9D18AACF1912D66244E5A9D /* TerminalView.swift */; };
		63DE1955A2F0386B0F43C198 /* LiquidTermApp.swift in Sources */ = {isa = PBXBuildFile; fileRef = AEE8483554F86A096762A9C6 /* LiquidTermApp.swift */; };
		66EA6100EC47DD87D390B4B2 /* TerminalBuffer.swift in Sources */ = {isa = PBXBuildFile; fileRef = 8145906C1CB7FF188A1BF73A /* TerminalBuffer.swift */; };
		93F0A7E4005F0B6243F880C4 /* PaneLayout.swift in Sources */ = {isa = PBXBuildFile; fileRef = 38ACFB2B6D996B9D2C4D0333 /* PaneLayout.swift */; };
		A29EA114905C6C2B3A215E14 /* ResizableSplitStack.swift in Sources */ = {isa = PBXBuildFile; fileRef = 67C9AD63D2BC964EBDE6ADD4 /* ResizableSplitStack.swift */; };
		BE8C36CE9FA1A6684DA7E0F9 /* PTY.swift in Sources */ = {isa = PBXBuildFile; fileRef = B830E75778EDAE52F2F288A9 /* PTY.swift */; };
		DF9337FCBDE97355174F7942 /* TabModel.swift in Sources */ = {isa = PBXBuildFile; fileRef = CCCE9F08B86CBF5022B111ED /* TabModel.swift */; };
		FF0BAC9666D9AD20C737D9E9 /* ANSIParser.swift in Sources */ = {isa = PBXBuildFile; fileRef = 47EEC6C6233A353AA5533F11 /* ANSIParser.swift */; };
/* End PBXBuildFile section */

/* Begin PBXFileReference section */
		080DC210A0A8242EFA4809FD /* CommandPalette.swift */ = {isa = PBXFileReference; lastKnownFileType = sourcecode.swift; path = CommandPalette.swift; sourceTree = "<group>"; };
		38ACFB2B6D996B9D2C4D0333 /* PaneLayout.swift */ = {isa = PBXFileReference; lastKnownFileType = sourcecode.swift; path = PaneLayout.swift; sourceTree = "<group>"; };
		47EEC6C6233A353AA5533F11 /* ANSIParser.swift */ = {isa = PBXFileReference; lastKnownFileType = sourcecode.swift; path = ANSIParser.swift; sourceTree = "<group>"; };
		55E06B77DE917A5F57B0A6BE /* LiquidTerm.app */ = {isa = PBXFileReference; explicitFileType = wrapper.application; includeInIndex = 0; path = LiquidTerm.app; sourceTree = BUILT_PRODUCTS_DIR; };
		65A9A8F600329914B2661203 /* WindowManager.swift */ = {isa = PBXFileReference; lastKnownFileType = sourcecode.swift; path = WindowManager.swift; sourceTree = "<group>"; };
		67C9AD63D2BC964EBDE6ADD4 /* ResizableSplitStack.swift */ = {isa = PBXFileReference; lastKnownFileType = sourcecode.swift; path = ResizableSplitStack.swift; sourceTree = "<group>"; };
		7D50D5D61D82A86D2F912CBE /* SettingsStore.swift */ = {isa = PBXFileReference; lastKnownFileType = sourcecode.swift; path = SettingsStore.swift; sourceTree = "<group>"; };
		8145906C1CB7FF188A1BF73A /* TerminalBuffer.swift */ = {isa = PBXFileReference; lastKnownFileType = sourcecode.swift; path = TerminalBuffer.swift; sourceTree = "<group>"; };
		911CC23C96489E77931F3618 /* TerminalSession.swift */ = {isa = PBXFileReference; lastKnownFileType = sourcecode.swift; path = TerminalSession.swift; sourceTree = "<group>"; };
		98E1B6997F05AA7DFE48D379 /* PaneGrid.swift */ = {isa = PBXFileReference; lastKnownFileType = sourcecode.swift; path = PaneGrid.swift; sourceTree = "<group>"; };
		AE195CD8C1C3E73B78B5A985 /* VisualEffectView.swift */ = {isa = PBXFileReference; lastKnownFileType = sourcecode.swift; path = VisualEffectView.swift; sourceTree = "<group>"; };
		AEE8483554F86A096762A9C6 /* LiquidTermApp.swift */ = {isa = PBXFileReference; lastKnownFileType = sourcecode.swift; path = LiquidTermApp.swift; sourceTree = "<group>"; };
		AF4B0C17010AB61061A77594 /* ContentView.swift */ = {isa = PBXFileReference; lastKnownFileType = sourcecode.swift; path = ContentView.swift; sourceTree = "<group>"; };
		B830E75778EDAE52F2F288A9 /* PTY.swift */ = {isa = PBXFileReference; lastKnownFileType = sourcecode.swift; path = PTY.swift; sourceTree = "<group>"; };
		B9D18AACF1912D66244E5A9D /* TerminalView.swift */ = {isa = PBXFileReference; lastKnownFileType = sourcecode.swift; path = TerminalView.swift; sourceTree = "<group>"; };
		C380316670FB67548B160007 /* AppManager.swift */ = {isa = PBXFileReference; lastKnownFileType = sourcecode.swift; path = AppManager.swift; sourceTree = "<group>"; };
		CCCE9F08B86CBF5022B111ED /* TabModel.swift */ = {isa = PBXFileReference; lastKnownFileType = sourcecode.swift; path = TabModel.swift; sourceTree = "<group>"; };
		EB26B9BD7A94E7B913B03270 /* SettingsView.swift */ = {isa = PBXFileReference; lastKnownFileType = sourcecode.swift; path = SettingsView.swift; sourceTree = "<group>"; };
		FC6D8E5C6F1A025CED99E8A7 /* TerminalCell.swift */ = {isa = PBXFileReference; lastKnownFileType = sourcecode.swift; path = TerminalCell.swift; sourceTree = "<group>"; };
/* End PBXFileReference section */

/* Begin PBXGroup section */
		21DFACEFE0F07E2EFB4DBFAF /* Utilities */ = {
			isa = PBXGroup;
			children = (
				B830E75778EDAE52F2F288A9 /* PTY.swift */,
				AE195CD8C1C3E73B78B5A985 /* VisualEffectView.swift */,
			);
			path = Utilities;
			sourceTree = "<group>";
		};
		3ACE20769B7CFA5F3A7179AB /* Settings */ = {
			isa = PBXGroup;
			children = (
				7D50D5D61D82A86D2F912CBE /* SettingsStore.swift */,
				EB26B9BD7A94E7B913B03270 /* SettingsView.swift */,
			);
			path = Settings;
			sourceTree = "<group>";
		};
		6699501325FB02A0ABE5620C /* Products */ = {
			isa = PBXGroup;
			children = (
				55E06B77DE917A5F57B0A6BE /* LiquidTerm.app */,
			);
			name = Products;
			sourceTree = "<group>";
		};
		6CB1068357AD18C75754D51B /* Terminal */ = {
			isa = PBXGroup;
			children = (
				47EEC6C6233A353AA5533F11 /* ANSIParser.swift */,
				8145906C1CB7FF188A1BF73A /* TerminalBuffer.swift */,
				FC6D8E5C6F1A025CED99E8A7 /* TerminalCell.swift */,
			);
			path = Terminal;
			sourceTree = "<group>";
		};
		9308807788A0032DE2916300 /* WindowManager */ = {
			isa = PBXGroup;
			children = (
				C380316670FB67548B160007 /* AppManager.swift */,
				CCCE9F08B86CBF5022B111ED /* TabModel.swift */,
				65A9A8F600329914B2661203 /* WindowManager.swift */,
			);
			path = WindowManager;
			sourceTree = "<group>";
		};
		C0F73F7C9C1DF9972E1CA5A6 = {
			isa = PBXGroup;
			children = (
				080DC210A0A8242EFA4809FD /* CommandPalette.swift */,
				AF4B0C17010AB61061A77594 /* ContentView.swift */,
				AEE8483554F86A096762A9C6 /* LiquidTermApp.swift */,
				EDD7E5364BA527715C7F70C3 /* Pane */,
				3ACE20769B7CFA5F3A7179AB /* Settings */,
				6CB1068357AD18C75754D51B /* Terminal */,
				21DFACEFE0F07E2EFB4DBFAF /* Utilities */,
				9308807788A0032DE2916300 /* WindowManager */,
				6699501325FB02A0ABE5620C /* Products */,
			);
			sourceTree = "<group>";
		};
		EDD7E5364BA527715C7F70C3 /* Pane */ = {
			isa = PBXGroup;
			children = (
				98E1B6997F05AA7DFE48D379 /* PaneGrid.swift */,
				38ACFB2B6D996B9D2C4D0333 /* PaneLayout.swift */,
				67C9AD63D2BC964EBDE6ADD4 /* ResizableSplitStack.swift */,
				911CC23C96489E77931F3618 /* TerminalSession.swift */,
				B9D18AACF1912D66244E5A9D /* TerminalView.swift */,
			);
			path = Pane;
			sourceTree = "<group>";
		};
/* End PBXGroup section */

/* Begin PBXNativeTarget section */
		592B06AF89F72C98E0A70447 /* LiquidTerm */ = {
			isa = PBXNativeTarget;
			buildConfigurationList = BB666C1FDE5107201A52362F /* Build configuration list for PBXNativeTarget "LiquidTerm" */;
			buildPhases = (
				5F6DCC5FB27B15BAA7B6320E /* Sources */,
			);
			buildRules = (
			);
			dependencies = (
			);
			name = LiquidTerm;
			packageProductDependencies = (
			);
			productName = LiquidTerm;
			productReference = 55E06B77DE917A5F57B0A6BE /* LiquidTerm.app */;
			productType = "com.apple.product-type.application";
		};
/* End PBXNativeTarget section */

/* Begin PBXProject section */
		6FEE28DF93F44C79117282FC /* Project object */ = {
			isa = PBXProject;
			attributes = {
				BuildIndependentTargetsInParallel = YES;
				LastUpgradeCheck = 1430;
			};
			buildConfigurationList = 1096DCD47DDF2E1AB237AA33 /* Build configuration list for PBXProject "LiquidTerm" */;
			compatibilityVersion = "Xcode 14.0";
			developmentRegion = en;
			hasScannedForEncodings = 0;
			knownRegions = (
				Base,
				en,
			);
			mainGroup = C0F73F7C9C1DF9972E1CA5A6;
			minimizedProjectReferenceProxies = 1;
			preferredProjectObjectVersion = 77;
			projectDirPath = "";
			projectRoot = "";
			targets = (
				592B06AF89F72C98E0A70447 /* LiquidTerm */,
			);
		};
/* End PBXProject section */

/* Begin PBXSourcesBuildPhase section */
		5F6DCC5FB27B15BAA7B6320E /* Sources */ = {
			isa = PBXSourcesBuildPhase;
			buildActionMask = 2147483647;
			files = (
				FF0BAC9666D9AD20C737D9E9 /* ANSIParser.swift in Sources */,
				5A2226B03B1E53E7A32FB6BE /* AppManager.swift in Sources */,
				40D909A15B07C92B28E40344 /* CommandPalette.swift in Sources */,
				39B922E21BCD83C8A0E6800C /* ContentView.swift in Sources */,
				63DE1955A2F0386B0F43C198 /* LiquidTermApp.swift in Sources */,
				BE8C36CE9FA1A6684DA7E0F9 /* PTY.swift in Sources */,
				3620896BAD9B503FD58CD622 /* PaneGrid.swift in Sources */,
				93F0A7E4005F0B6243F880C4 /* PaneLayout.swift in Sources */,
				A29EA114905C6C2B3A215E14 /* ResizableSplitStack.swift in Sources */,
				59E3253330C1481B7402BCA4 /* SettingsStore.swift in Sources */,
				4998F609BAA10764724378E5 /* SettingsView.swift in Sources */,
				DF9337FCBDE97355174F7942 /* TabModel.swift in Sources */,
				66EA6100EC47DD87D390B4B2 /* TerminalBuffer.swift in Sources */,
				311EC418CDAB2F14622D5156 /* TerminalCell.swift in Sources */,
				40176A658DD695D1B1ED40D3 /* TerminalSession.swift in Sources */,
				5FB184E5A4F4191743D89871 /* TerminalView.swift in Sources */,
				1E0CA2C76F624EF6E0694F27 /* VisualEffectView.swift in Sources */,
				3290F03FFD40B4E538BD64AE /* WindowManager.swift in Sources */,
			);
			runOnlyForDeploymentPostprocessing = 0;
		};
/* End PBXSourcesBuildPhase section */

/* Begin XCBuildConfiguration section */
		41695AB157EF50F553F7F977 /* Release */ = {
			isa = XCBuildConfiguration;
			buildSettings = {
				ALWAYS_SEARCH_USER_PATHS = NO;
				CLANG_ANALYZER_NONNULL = YES;
				CLANG_ANALYZER_NUMBER_OBJECT_CONVERSION = YES_AGGRESSIVE;
				CLANG_CXX_LANGUAGE_STANDARD = "gnu++14";
				CLANG_CXX_LIBRARY = "libc++";
				CLANG_ENABLE_MODULES = YES;
				CLANG_ENABLE_OBJC_ARC = YES;
				CLANG_ENABLE_OBJC_WEAK = YES;
				CLANG_WARN_BLOCK_CAPTURE_AUTORELEASING = YES;
				CLANG_WARN_BOOL_CONVERSION = YES;
				CLANG_WARN_COMMA = YES;
				CLANG_WARN_CONSTANT_CONVERSION = YES;
				CLANG_WARN_DEPRECATED_OBJC_IMPLEMENTATIONS = YES;
				CLANG_WARN_DIRECT_OBJC_ISA_USAGE = YES_ERROR;
				CLANG_WARN_DOCUMENTATION_COMMENTS = YES;
				CLANG_WARN_EMPTY_BODY = YES;
				CLANG_WARN_ENUM_CONVERSION = YES;
				CLANG_WARN_INFINITE_RECURSION = YES;
				CLANG_WARN_INT_CONVERSION = YES;
				CLANG_WARN_NON_LITERAL_NULL_CONVERSION = YES;
				CLANG_WARN_OBJC_IMPLICIT_RETAIN_SELF = YES;
				CLANG_WARN_OBJC_LITERAL_CONVERSION = YES;
				CLANG_WARN_OBJC_ROOT_CLASS = YES_ERROR;
				CLANG_WARN_QUOTED_INCLUDE_IN_FRAMEWORK_HEADER = YES;
				CLANG_WARN_RANGE_LOOP_ANALYSIS = YES;
				CLANG_WARN_STRICT_PROTOTYPES = YES;
				CLANG_WARN_SUSPICIOUS_MOVE = YES;
				CLANG_WARN_UNGUARDED_AVAILABILITY = YES_AGGRESSIVE;
				CLANG_WARN_UNREACHABLE_CODE = YES;
				CLANG_WARN__DUPLICATE_METHOD_MATCH = YES;
				COPY_PHASE_STRIP = NO;
				DEBUG_INFORMATION_FORMAT = "dwarf-with-dsym";
				ENABLE_NS_ASSERTIONS = NO;
				ENABLE_STRICT_OBJC_MSGSEND = YES;
				GCC_C_LANGUAGE_STANDARD = gnu11;
				GCC_NO_COMMON_BLOCKS = YES;
				GCC_WARN_64_TO_32_BIT_CONVERSION = YES;
				GCC_WARN_ABOUT_RETURN_TYPE = YES_ERROR;
				GCC_WARN_UNDECLARED_SELECTOR = YES;
				GCC_WARN_UNINITIALIZED_AUTOS = YES_AGGRESSIVE;
				GCC_WARN_UNUSED_FUNCTION = YES;
				GCC_WARN_UNUSED_VARIABLE = YES;
				MACOSX_DEPLOYMENT_TARGET = 14.0;
				MTL_ENABLE_DEBUG_INFO = NO;
				MTL_FAST_MATH = YES;
				PRODUCT_NAME = "$(TARGET_NAME)";
				SDKROOT = macosx;
				SWIFT_COMPILATION_MODE = wholemodule;
				SWIFT_OPTIMIZATION_LEVEL = "-O";
				SWIFT_VERSION = 5.0;
			};
			name = Release;
		};
		44031B3EDAE46BBA91E8B57F /* Debug */ = {
			isa = XCBuildConfiguration;
			buildSettings = {
				ASSETCATALOG_COMPILER_APPICON_NAME = AppIcon;
				COMBINE_HIDPI_IMAGES = YES;
				GENERATE_INFOPLIST_FILE = NO;
				INFOPLIST_FILE = Info.plist;
				LD_RUNPATH_SEARCH_PATHS = (
					"$(inherited)",
					"@executable_path/../Frameworks",
				);
				MACOSX_DEPLOYMENT_TARGET = 14.0;
				PRODUCT_BUNDLE_IDENTIFIER = com.liquidterm.LiquidTerm;
				SDKROOT = macosx;
				SWIFT_VERSION = 5.9;
			};
			name = Debug;
		};
		B3287828E8E2B2FA706F8107 /* Debug */ = {
			isa = XCBuildConfiguration;
			buildSettings = {
				ALWAYS_SEARCH_USER_PATHS = NO;
				CLANG_ANALYZER_NONNULL = YES;
				CLANG_ANALYZER_NUMBER_OBJECT_CONVERSION = YES_AGGRESSIVE;
				CLANG_CXX_LANGUAGE_STANDARD = "gnu++14";
				CLANG_CXX_LIBRARY = "libc++";
				CLANG_ENABLE_MODULES = YES;
				CLANG_ENABLE_OBJC_ARC = YES;
				CLANG_ENABLE_OBJC_WEAK = YES;
				CLANG_WARN_BLOCK_CAPTURE_AUTORELEASING = YES;
				CLANG_WARN_BOOL_CONVERSION = YES;
				CLANG_WARN_COMMA = YES;
				CLANG_WARN_CONSTANT_CONVERSION = YES;
				CLANG_WARN_DEPRECATED_OBJC_IMPLEMENTATIONS = YES;
				CLANG_WARN_DIRECT_OBJC_ISA_USAGE = YES_ERROR;
				CLANG_WARN_DOCUMENTATION_COMMENTS = YES;
				CLANG_WARN_EMPTY_BODY = YES;
				CLANG_WARN_ENUM_CONVERSION = YES;
				CLANG_WARN_INFINITE_RECURSION = YES;
				CLANG_WARN_INT_CONVERSION = YES;
				CLANG_WARN_NON_LITERAL_NULL_CONVERSION = YES;
				CLANG_WARN_OBJC_IMPLICIT_RETAIN_SELF = YES;
				CLANG_WARN_OBJC_LITERAL_CONVERSION = YES;
				CLANG_WARN_OBJC_ROOT_CLASS = YES_ERROR;
				CLANG_WARN_QUOTED_INCLUDE_IN_FRAMEWORK_HEADER = YES;
				CLANG_WARN_RANGE_LOOP_ANALYSIS = YES;
				CLANG_WARN_STRICT_PROTOTYPES = YES;
				CLANG_WARN_SUSPICIOUS_MOVE = YES;
				CLANG_WARN_UNGUARDED_AVAILABILITY = YES_AGGRESSIVE;
				CLANG_WARN_UNREACHABLE_CODE = YES;
				CLANG_WARN__DUPLICATE_METHOD_MATCH = YES;
				COPY_PHASE_STRIP = NO;
				DEBUG_INFORMATION_FORMAT = dwarf;
				ENABLE_STRICT_OBJC_MSGSEND = YES;
				ENABLE_TESTABILITY = YES;
				GCC_C_LANGUAGE_STANDARD = gnu11;
				GCC_DYNAMIC_NO_PIC = NO;
				GCC_NO_COMMON_BLOCKS = YES;
				GCC_OPTIMIZATION_LEVEL = 0;
				GCC_PREPROCESSOR_DEFINITIONS = (
					"$(inherited)",
					"DEBUG=1",
				);
				GCC_WARN_64_TO_32_BIT_CONVERSION = YES;
				GCC_WARN_ABOUT_RETURN_TYPE = YES_ERROR;
				GCC_WARN_UNDECLARED_SELECTOR = YES;
				GCC_WARN_UNINITIALIZED_AUTOS = YES_AGGRESSIVE;
				GCC_WARN_UNUSED_FUNCTION = YES;
				GCC_WARN_UNUSED_VARIABLE = YES;
				MACOSX_DEPLOYMENT_TARGET = 14.0;
				MTL_ENABLE_DEBUG_INFO = INCLUDE_SOURCE;
				MTL_FAST_MATH = YES;
				ONLY_ACTIVE_ARCH = YES;
				PRODUCT_NAME = "$(TARGET_NAME)";
				SDKROOT = macosx;
				SWIFT_ACTIVE_COMPILATION_CONDITIONS = DEBUG;
				SWIFT_OPTIMIZATION_LEVEL = "-Onone";
				SWIFT_VERSION = 5.0;
			};
			name = Debug;
		};
		BCF7859461215DA0A2EEB24D /* Release */ = {
			isa = XCBuildConfiguration;
			buildSettings = {
				ASSETCATALOG_COMPILER_APPICON_NAME = AppIcon;
				COMBINE_HIDPI_IMAGES = YES;
				GENERATE_INFOPLIST_FILE = NO;
				INFOPLIST_FILE = Info.plist;
				LD_RUNPATH_SEARCH_PATHS = (
					"$(inherited)",
					"@executable_path/../Frameworks",
				);
				MACOSX_DEPLOYMENT_TARGET = 14.0;
				PRODUCT_BUNDLE_IDENTIFIER = com.liquidterm.LiquidTerm;
				SDKROOT = macosx;
				SWIFT_VERSION = 5.9;
			};
			name = Release;
		};
/* End XCBuildConfiguration section */

/* Begin XCConfigurationList section */
		1096DCD47DDF2E1AB237AA33 /* Build configuration list for PBXProject "LiquidTerm" */ = {
			isa = XCConfigurationList;
			buildConfigurations = (
				B3287828E8E2B2FA706F8107 /* Debug */,
				41695AB157EF50F553F7F977 /* Release */,
			);
			defaultConfigurationIsVisible = 0;
			defaultConfigurationName = Debug;
		};
		BB666C1FDE5107201A52362F /* Build configuration list for PBXNativeTarget "LiquidTerm" */ = {
			isa = XCConfigurationList;
			buildConfigurations = (
				44031B3EDAE46BBA91E8B57F /* Debug */,
				BCF7859461215DA0A2EEB24D /* Release */,
			);
			defaultConfigurationIsVisible = 0;
			defaultConfigurationName = Debug;
		};
/* End XCConfigurationList section */
	};
	rootObject = 6FEE28DF93F44C79117282FC /* Project object */;
}
